
Microsoft Visual Studio Solution File, Format Version 12.00
# Visual Studio 15
VisualStudioVersion = 15.0.28307.852
MinimumVisualStudioVersion = 10.0.40219.1
Project("{FAE04EC0-301F-11D3-BF4B-00C04F79EFBC}") = "Range", "Range\Range.csproj", "{9DA336EA-93E7-4BF4-AF37-63C7A515B5B6}"
EndProject
Project("{FAE04EC0-301F-11D3-BF4B-00C04F79EFBC}") = "Shapes", "Shapes\Shapes.csproj", "{87B96E72-F887-4B1B-A7D4-A4AD1F18B1DA}"
EndProject
Project("{FAE04EC0-301F-11D3-BF4B-00C04F79EFBC}") = "ArrayListHome", "ArrayListHome\ArrayListHome.csproj", "{B8A2F90E-14D7-4850-A149-4AA23335FD5B}"
EndProject
Project("{FAE04EC0-301F-11D3-BF4B-00C04F79EFBC}") = "Vector", "Vector\Vector.csproj", "{6946F382-F30C-445C-ABFD-0BB79BF5A687}"
EndProject
Project("{FAE04EC0-301F-11D3-BF4B-00C04F79EFBC}") = "Calculator", "Calculator\Calculator.csproj", "{EF8D8A03-EBA6-4AAA-BA04-75D971206714}"
EndProject
Project("{2150E333-8FDC-42A3-9474-1A3956D46DE8}") = "Courses", "Courses", "{70577C41-C79E-41D2-AD0C-C966E0DAFAD6}"
EndProject
Project("{FAE04EC0-301F-11D3-BF4B-00C04F79EFBC}") = "01. Apartments", "Apartments\01. Apartments.csproj", "{2D84E748-2C75-4C32-B304-B305B8193517}"
EndProject
Project("{FAE04EC0-301F-11D3-BF4B-00C04F79EFBC}") = "02. TriangleArea", "TriangleArea\02. TriangleArea.csproj", "{F5B11E9E-4855-4934-BBDD-0C27440807E9}"
EndProject
Project("{FAE04EC0-301F-11D3-BF4B-00C04F79EFBC}") = "03. Age", "Age\03. Age.csproj", "{362DCD3F-1598-4F1A-99D4-2AEAA7D641C7}"
EndProject
Project("{FAE04EC0-301F-11D3-BF4B-00C04F79EFBC}") = "04. QuadraticEquation", "QuadraticEquation\04. QuadraticEquation.csproj", "{FBFDF07E-CD8E-4268-ABF3-39F0F2240D75}"
EndProject
Project("{FAE04EC0-301F-11D3-BF4B-00C04F79EFBC}") = "05. NextDate", "NextDate\05. NextDate.csproj", "{02EC431E-551D-4FA9-8AE8-398AC99AFFC3}"
EndProject
Project("{FAE04EC0-301F-11D3-BF4B-00C04F79EFBC}") = "06. FibonacciNumbers", "FibonacciNumbers\06. FibonacciNumbers.csproj", "{D33B79FB-6F51-4DE2-8459-23EB41D2A78B}"
EndProject
Project("{FAE04EC0-301F-11D3-BF4B-00C04F79EFBC}") = "07. MultiplicationTable", "MultiplicationTable\07. MultiplicationTable.csproj", "{256B3E4C-2309-43A4-A8D3-504C015E999A}"
EndProject
Project("{FAE04EC0-301F-11D3-BF4B-00C04F79EFBC}") = "08. EuclideanAlgorithm", "EuclideanAlgorithm\08. EuclideanAlgorithm.csproj", "{BD46E147-E72C-4CDC-B749-C93921687D20}"
EndProject
Project("{FAE04EC0-301F-11D3-BF4B-00C04F79EFBC}") = "09. GuessNumber", "GuessNumber\09. GuessNumber.csproj", "{30879F03-8462-486C-9195-CE4CD5E7CB0C}"
EndProject
Project("{FAE04EC0-301F-11D3-BF4B-00C04F79EFBC}") = "10. Contribution", "Contribution\10. Contribution.csproj", "{6760F927-DBC9-40DF-BA7E-36571909A3D9}"
EndProject
Project("{FAE04EC0-301F-11D3-BF4B-00C04F79EFBC}") = "11. MaxSubstring", "11. MaxSubstring\11. MaxSubstring.csproj", "{1F02A62F-D402-4185-AA7A-DFA15D88DAD3}"
EndProject
Project("{FAE04EC0-301F-11D3-BF4B-00C04F79EFBC}") = "12. Palindrome", "12. Palindrome\12. Palindrome.csproj", "{0D4A4243-369E-44DB-ADB6-6E2872F0078F}"
EndProject
Project("{FAE04EC0-301F-11D3-BF4B-00C04F79EFBC}") = "13. BinarySearch", "13. BinarySearch\13. BinarySearch.csproj", "{E826DAB7-76EE-4D08-AFE9-668D15E481CD}"
EndProject
Project("{FAE04EC0-301F-11D3-BF4B-00C04F79EFBC}") = "14. SelectionSort", "14. SelectionSort\14. SelectionSort.csproj", "{21F942AD-E318-4633-B39A-4A77BB71705F}"
EndProject
Project("{FAE04EC0-301F-11D3-BF4B-00C04F79EFBC}") = "15. BubbleSort", "15. BubbleSort\15. BubbleSort.csproj", "{26D0C636-722A-4157-9176-086F68FB90B6}"
EndProject
Project("{FAE04EC0-301F-11D3-BF4B-00C04F79EFBC}") = "16. InsertionSort", "16. InsertionSort\16. InsertionSort.csproj", "{AAEA50C3-80DE-4B0D-BD3A-5CCB9B02CF41}"
EndProject
Project("{FAE04EC0-301F-11D3-BF4B-00C04F79EFBC}") = "17. QuickSort", "17. QuickSort\17. QuickSort.csproj", "{EBC4B4FF-F228-484F-A973-4B388AEBBAA1}"
EndProject
Project("{FAE04EC0-301F-11D3-BF4B-00C04F79EFBC}") = "18. PyramidSort", "18. PyramidSort\18. PyramidSort.csproj", "{19EAA987-7F4D-45C7-B687-18FB59CB068E}"
EndProject
Global
	GlobalSection(SolutionConfigurationPlatforms) = preSolution
		Debug|Any CPU = Debug|Any CPU
		Release|Any CPU = Release|Any CPU
	EndGlobalSection
	GlobalSection(ProjectConfigurationPlatforms) = postSolution
		{9DA336EA-93E7-4BF4-AF37-63C7A515B5B6}.Debug|Any CPU.ActiveCfg = Debug|Any CPU
		{9DA336EA-93E7-4BF4-AF37-63C7A515B5B6}.Debug|Any CPU.Build.0 = Debug|Any CPU
		{9DA336EA-93E7-4BF4-AF37-63C7A515B5B6}.Release|Any CPU.ActiveCfg = Release|Any CPU
		{9DA336EA-93E7-4BF4-AF37-63C7A515B5B6}.Release|Any CPU.Build.0 = Release|Any CPU
		{87B96E72-F887-4B1B-A7D4-A4AD1F18B1DA}.Debug|Any CPU.ActiveCfg = Debug|Any CPU
		{87B96E72-F887-4B1B-A7D4-A4AD1F18B1DA}.Debug|Any CPU.Build.0 = Debug|Any CPU
		{87B96E72-F887-4B1B-A7D4-A4AD1F18B1DA}.Release|Any CPU.ActiveCfg = Release|Any CPU
		{87B96E72-F887-4B1B-A7D4-A4AD1F18B1DA}.Release|Any CPU.Build.0 = Release|Any CPU
		{B8A2F90E-14D7-4850-A149-4AA23335FD5B}.Debug|Any CPU.ActiveCfg = Debug|Any CPU
		{B8A2F90E-14D7-4850-A149-4AA23335FD5B}.Debug|Any CPU.Build.0 = Debug|Any CPU
		{B8A2F90E-14D7-4850-A149-4AA23335FD5B}.Release|Any CPU.ActiveCfg = Release|Any CPU
		{B8A2F90E-14D7-4850-A149-4AA23335FD5B}.Release|Any CPU.Build.0 = Release|Any CPU
		{6946F382-F30C-445C-ABFD-0BB79BF5A687}.Debug|Any CPU.ActiveCfg = Debug|Any CPU
		{6946F382-F30C-445C-ABFD-0BB79BF5A687}.Debug|Any CPU.Build.0 = Debug|Any CPU
		{6946F382-F30C-445C-ABFD-0BB79BF5A687}.Release|Any CPU.ActiveCfg = Release|Any CPU
		{6946F382-F30C-445C-ABFD-0BB79BF5A687}.Release|Any CPU.Build.0 = Release|Any CPU
		{EF8D8A03-EBA6-4AAA-BA04-75D971206714}.Debug|Any CPU.ActiveCfg = Debug|Any CPU
		{EF8D8A03-EBA6-4AAA-BA04-75D971206714}.Debug|Any CPU.Build.0 = Debug|Any CPU
		{EF8D8A03-EBA6-4AAA-BA04-75D971206714}.Release|Any CPU.ActiveCfg = Release|Any CPU
		{EF8D8A03-EBA6-4AAA-BA04-75D971206714}.Release|Any CPU.Build.0 = Release|Any CPU
		{2D84E748-2C75-4C32-B304-B305B8193517}.Debug|Any CPU.ActiveCfg = Debug|Any CPU
		{2D84E748-2C75-4C32-B304-B305B8193517}.Debug|Any CPU.Build.0 = Debug|Any CPU
		{2D84E748-2C75-4C32-B304-B305B8193517}.Release|Any CPU.ActiveCfg = Release|Any CPU
		{2D84E748-2C75-4C32-B304-B305B8193517}.Release|Any CPU.Build.0 = Release|Any CPU
		{F5B11E9E-4855-4934-BBDD-0C27440807E9}.Debug|Any CPU.ActiveCfg = Debug|Any CPU
		{F5B11E9E-4855-4934-BBDD-0C27440807E9}.Debug|Any CPU.Build.0 = Debug|Any CPU
		{F5B11E9E-4855-4934-BBDD-0C27440807E9}.Release|Any CPU.ActiveCfg = Release|Any CPU
		{F5B11E9E-4855-4934-BBDD-0C27440807E9}.Release|Any CPU.Build.0 = Release|Any CPU
		{362DCD3F-1598-4F1A-99D4-2AEAA7D641C7}.Debug|Any CPU.ActiveCfg = Debug|Any CPU
		{362DCD3F-1598-4F1A-99D4-2AEAA7D641C7}.Debug|Any CPU.Build.0 = Debug|Any CPU
		{362DCD3F-1598-4F1A-99D4-2AEAA7D641C7}.Release|Any CPU.ActiveCfg = Release|Any CPU
		{362DCD3F-1598-4F1A-99D4-2AEAA7D641C7}.Release|Any CPU.Build.0 = Release|Any CPU
		{FBFDF07E-CD8E-4268-ABF3-39F0F2240D75}.Debug|Any CPU.ActiveCfg = Debug|Any CPU
		{FBFDF07E-CD8E-4268-ABF3-39F0F2240D75}.Debug|Any CPU.Build.0 = Debug|Any CPU
		{FBFDF07E-CD8E-4268-ABF3-39F0F2240D75}.Release|Any CPU.ActiveCfg = Release|Any CPU
		{FBFDF07E-CD8E-4268-ABF3-39F0F2240D75}.Release|Any CPU.Build.0 = Release|Any CPU
		{02EC431E-551D-4FA9-8AE8-398AC99AFFC3}.Debug|Any CPU.ActiveCfg = Debug|Any CPU
		{02EC431E-551D-4FA9-8AE8-398AC99AFFC3}.Debug|Any CPU.Build.0 = Debug|Any CPU
		{02EC431E-551D-4FA9-8AE8-398AC99AFFC3}.Release|Any CPU.ActiveCfg = Release|Any CPU
		{02EC431E-551D-4FA9-8AE8-398AC99AFFC3}.Release|Any CPU.Build.0 = Release|Any CPU
		{D33B79FB-6F51-4DE2-8459-23EB41D2A78B}.Debug|Any CPU.ActiveCfg = Debug|Any CPU
		{D33B79FB-6F51-4DE2-8459-23EB41D2A78B}.Debug|Any CPU.Build.0 = Debug|Any CPU
		{D33B79FB-6F51-4DE2-8459-23EB41D2A78B}.Release|Any CPU.ActiveCfg = Release|Any CPU
		{D33B79FB-6F51-4DE2-8459-23EB41D2A78B}.Release|Any CPU.Build.0 = Release|Any CPU
		{256B3E4C-2309-43A4-A8D3-504C015E999A}.Debug|Any CPU.ActiveCfg = Debug|Any CPU
		{256B3E4C-2309-43A4-A8D3-504C015E999A}.Debug|Any CPU.Build.0 = Debug|Any CPU
		{256B3E4C-2309-43A4-A8D3-504C015E999A}.Release|Any CPU.ActiveCfg = Release|Any CPU
		{256B3E4C-2309-43A4-A8D3-504C015E999A}.Release|Any CPU.Build.0 = Release|Any CPU
		{BD46E147-E72C-4CDC-B749-C93921687D20}.Debug|Any CPU.ActiveCfg = Debug|Any CPU
		{BD46E147-E72C-4CDC-B749-C93921687D20}.Debug|Any CPU.Build.0 = Debug|Any CPU
		{BD46E147-E72C-4CDC-B749-C93921687D20}.Release|Any CPU.ActiveCfg = Release|Any CPU
		{BD46E147-E72C-4CDC-B749-C93921687D20}.Release|Any CPU.Build.0 = Release|Any CPU
		{30879F03-8462-486C-9195-CE4CD5E7CB0C}.Debug|Any CPU.ActiveCfg = Debug|Any CPU
		{30879F03-8462-486C-9195-CE4CD5E7CB0C}.Debug|Any CPU.Build.0 = Debug|Any CPU
		{30879F03-8462-486C-9195-CE4CD5E7CB0C}.Release|Any CPU.ActiveCfg = Release|Any CPU
		{30879F03-8462-486C-9195-CE4CD5E7CB0C}.Release|Any CPU.Build.0 = Release|Any CPU
		{6760F927-DBC9-40DF-BA7E-36571909A3D9}.Debug|Any CPU.ActiveCfg = Debug|Any CPU
		{6760F927-DBC9-40DF-BA7E-36571909A3D9}.Debug|Any CPU.Build.0 = Debug|Any CPU
		{6760F927-DBC9-40DF-BA7E-36571909A3D9}.Release|Any CPU.ActiveCfg = Release|Any CPU
		{6760F927-DBC9-40DF-BA7E-36571909A3D9}.Release|Any CPU.Build.0 = Release|Any CPU
		{1F02A62F-D402-4185-AA7A-DFA15D88DAD3}.Debug|Any CPU.ActiveCfg = Debug|Any CPU
		{1F02A62F-D402-4185-AA7A-DFA15D88DAD3}.Debug|Any CPU.Build.0 = Debug|Any CPU
		{1F02A62F-D402-4185-AA7A-DFA15D88DAD3}.Release|Any CPU.ActiveCfg = Release|Any CPU
		{1F02A62F-D402-4185-AA7A-DFA15D88DAD3}.Release|Any CPU.Build.0 = Release|Any CPU
		{0D4A4243-369E-44DB-ADB6-6E2872F0078F}.Debug|Any CPU.ActiveCfg = Debug|Any CPU
		{0D4A4243-369E-44DB-ADB6-6E2872F0078F}.Debug|Any CPU.Build.0 = Debug|Any CPU
		{0D4A4243-369E-44DB-ADB6-6E2872F0078F}.Release|Any CPU.ActiveCfg = Release|Any CPU
		{0D4A4243-369E-44DB-ADB6-6E2872F0078F}.Release|Any CPU.Build.0 = Release|Any CPU
		{E826DAB7-76EE-4D08-AFE9-668D15E481CD}.Debug|Any CPU.ActiveCfg = Debug|Any CPU
		{E826DAB7-76EE-4D08-AFE9-668D15E481CD}.Debug|Any CPU.Build.0 = Debug|Any CPU
		{E826DAB7-76EE-4D08-AFE9-668D15E481CD}.Release|Any CPU.ActiveCfg = Release|Any CPU
		{E826DAB7-76EE-4D08-AFE9-668D15E481CD}.Release|Any CPU.Build.0 = Release|Any CPU
		{21F942AD-E318-4633-B39A-4A77BB71705F}.Debug|Any CPU.ActiveCfg = Debug|Any CPU
		{21F942AD-E318-4633-B39A-4A77BB71705F}.Debug|Any CPU.Build.0 = Debug|Any CPU
		{21F942AD-E318-4633-B39A-4A77BB71705F}.Release|Any CPU.ActiveCfg = Release|Any CPU
		{21F942AD-E318-4633-B39A-4A77BB71705F}.Release|Any CPU.Build.0 = Release|Any CPU
		{26D0C636-722A-4157-9176-086F68FB90B6}.Debug|Any CPU.ActiveCfg = Debug|Any CPU
		{26D0C636-722A-4157-9176-086F68FB90B6}.Debug|Any CPU.Build.0 = Debug|Any CPU
		{26D0C636-722A-4157-9176-086F68FB90B6}.Release|Any CPU.ActiveCfg = Release|Any CPU
		{26D0C636-722A-4157-9176-086F68FB90B6}.Release|Any CPU.Build.0 = Release|Any CPU
		{AAEA50C3-80DE-4B0D-BD3A-5CCB9B02CF41}.Debug|Any CPU.ActiveCfg = Debug|Any CPU
		{AAEA50C3-80DE-4B0D-BD3A-5CCB9B02CF41}.Debug|Any CPU.Build.0 = Debug|Any CPU
		{AAEA50C3-80DE-4B0D-BD3A-5CCB9B02CF41}.Release|Any CPU.ActiveCfg = Release|Any CPU
		{AAEA50C3-80DE-4B0D-BD3A-5CCB9B02CF41}.Release|Any CPU.Build.0 = Release|Any CPU
		{EBC4B4FF-F228-484F-A973-4B388AEBBAA1}.Debug|Any CPU.ActiveCfg = Debug|Any CPU
		{EBC4B4FF-F228-484F-A973-4B388AEBBAA1}.Debug|Any CPU.Build.0 = Debug|Any CPU
		{EBC4B4FF-F228-484F-A973-4B388AEBBAA1}.Release|Any CPU.ActiveCfg = Release|Any CPU
		{EBC4B4FF-F228-484F-A973-4B388AEBBAA1}.Release|Any CPU.Build.0 = Release|Any CPU
		{19EAA987-7F4D-45C7-B687-18FB59CB068E}.Debug|Any CPU.ActiveCfg = Debug|Any CPU
		{19EAA987-7F4D-45C7-B687-18FB59CB068E}.Debug|Any CPU.Build.0 = Debug|Any CPU
		{19EAA987-7F4D-45C7-B687-18FB59CB068E}.Release|Any CPU.ActiveCfg = Release|Any CPU
		{19EAA987-7F4D-45C7-B687-18FB59CB068E}.Release|Any CPU.Build.0 = Release|Any CPU
	EndGlobalSection
	GlobalSection(SolutionProperties) = preSolution
		HideSolutionNode = FALSE
	EndGlobalSection
	GlobalSection(NestedProjects) = preSolution
		{2D84E748-2C75-4C32-B304-B305B8193517} = {70577C41-C79E-41D2-AD0C-C966E0DAFAD6}
		{F5B11E9E-4855-4934-BBDD-0C27440807E9} = {70577C41-C79E-41D2-AD0C-C966E0DAFAD6}
		{362DCD3F-1598-4F1A-99D4-2AEAA7D641C7} = {70577C41-C79E-41D2-AD0C-C966E0DAFAD6}
		{FBFDF07E-CD8E-4268-ABF3-39F0F2240D75} = {70577C41-C79E-41D2-AD0C-C966E0DAFAD6}
		{02EC431E-551D-4FA9-8AE8-398AC99AFFC3} = {70577C41-C79E-41D2-AD0C-C966E0DAFAD6}
		{D33B79FB-6F51-4DE2-8459-23EB41D2A78B} = {70577C41-C79E-41D2-AD0C-C966E0DAFAD6}
		{256B3E4C-2309-43A4-A8D3-504C015E999A} = {70577C41-C79E-41D2-AD0C-C966E0DAFAD6}
		{BD46E147-E72C-4CDC-B749-C93921687D20} = {70577C41-C79E-41D2-AD0C-C966E0DAFAD6}
		{30879F03-8462-486C-9195-CE4CD5E7CB0C} = {70577C41-C79E-41D2-AD0C-C966E0DAFAD6}
		{6760F927-DBC9-40DF-BA7E-36571909A3D9} = {70577C41-C79E-41D2-AD0C-C966E0DAFAD6}
		{1F02A62F-D402-4185-AA7A-DFA15D88DAD3} = {70577C41-C79E-41D2-AD0C-C966E0DAFAD6}
		{0D4A4243-369E-44DB-ADB6-6E2872F0078F} = {70577C41-C79E-41D2-AD0C-C966E0DAFAD6}
		{E826DAB7-76EE-4D08-AFE9-668D15E481CD} = {70577C41-C79E-41D2-AD0C-C966E0DAFAD6}
		{21F942AD-E318-4633-B39A-4A77BB71705F} = {70577C41-C79E-41D2-AD0C-C966E0DAFAD6}
		{26D0C636-722A-4157-9176-086F68FB90B6} = {70577C41-C79E-41D2-AD0C-C966E0DAFAD6}
		{AAEA50C3-80DE-4B0D-BD3A-5CCB9B02CF41} = {70577C41-C79E-41D2-AD0C-C966E0DAFAD6}
		{EBC4B4FF-F228-484F-A973-4B388AEBBAA1} = {70577C41-C79E-41D2-AD0C-C966E0DAFAD6}
		{19EAA987-7F4D-45C7-B687-18FB59CB068E} = {70577C41-C79E-41D2-AD0C-C966E0DAFAD6}
	EndGlobalSection
	GlobalSection(ExtensibilityGlobals) = postSolution
		SolutionGuid = {B0366E58-7627-45B0-ABE8-47EF729D650F}
	EndGlobalSection
EndGlobal
