
Microsoft Visual Studio Solution File, Format Version 12.00
# Visual Studio 15
VisualStudioVersion = 15.0.28307.852
MinimumVisualStudioVersion = 10.0.40219.1
Project("{FAE04EC0-301F-11D3-BF4B-00C04F79EFBC}") = "Range", "Range\Range.csproj", "{9DA336EA-93E7-4BF4-AF37-63C7A515B5B6}"
EndProject
Project("{FAE04EC0-301F-11D3-BF4B-00C04F79EFBC}") = "Shapes", "Shapes\Shapes.csproj", "{87B96E72-F887-4B1B-A7D4-A4AD1F18B1DA}"
EndProject
Project("{FAE04EC0-301F-11D3-BF4B-00C04F79EFBC}") = "ArrayListHome", "ArrayListHome\ArrayListHome.csproj", "{B8A2F90E-14D7-4850-A149-4AA23335FD5B}"
EndProject
Project("{FAE04EC0-301F-11D3-BF4B-00C04F79EFBC}") = "Vector", "Vector\Vector.csproj", "{6946F382-F30C-445C-ABFD-0BB79BF5A687}"
EndProject
Project("{FAE04EC0-301F-11D3-BF4B-00C04F79EFBC}") = "CalculatorWPF", "Calculator\CalculatorWPF.csproj", "{EF8D8A03-EBA6-4AAA-BA04-75D971206714}"
EndProject
Project("{2150E333-8FDC-42A3-9474-1A3956D46DE8}") = "Courses", "Courses", "{70577C41-C79E-41D2-AD0C-C966E0DAFAD6}"
EndProject
Project("{FAE04EC0-301F-11D3-BF4B-00C04F79EFBC}") = "11. MaxSubstring", "11. MaxSubstring\11. MaxSubstring.csproj", "{1F02A62F-D402-4185-AA7A-DFA15D88DAD3}"
EndProject
Project("{FAE04EC0-301F-11D3-BF4B-00C04F79EFBC}") = "12. Palindrome", "12. Palindrome\12. Palindrome.csproj", "{0D4A4243-369E-44DB-ADB6-6E2872F0078F}"
EndProject
Project("{FAE04EC0-301F-11D3-BF4B-00C04F79EFBC}") = "13. BinarySearch", "13. BinarySearch\13. BinarySearch.csproj", "{E826DAB7-76EE-4D08-AFE9-668D15E481CD}"
EndProject
Project("{FAE04EC0-301F-11D3-BF4B-00C04F79EFBC}") = "14. SelectionSort", "14. SelectionSort\14. SelectionSort.csproj", "{21F942AD-E318-4633-B39A-4A77BB71705F}"
EndProject
Project("{FAE04EC0-301F-11D3-BF4B-00C04F79EFBC}") = "15. BubbleSort", "15. BubbleSort\15. BubbleSort.csproj", "{26D0C636-722A-4157-9176-086F68FB90B6}"
EndProject
Project("{FAE04EC0-301F-11D3-BF4B-00C04F79EFBC}") = "16. InsertionSort", "16. InsertionSort\16. InsertionSort.csproj", "{AAEA50C3-80DE-4B0D-BD3A-5CCB9B02CF41}"
EndProject
Project("{FAE04EC0-301F-11D3-BF4B-00C04F79EFBC}") = "17. QuickSort", "17. QuickSort\17. QuickSort.csproj", "{EBC4B4FF-F228-484F-A973-4B388AEBBAA1}"
EndProject
Project("{FAE04EC0-301F-11D3-BF4B-00C04F79EFBC}") = "18. PyramidSort", "18. PyramidSort\18. PyramidSort.csproj", "{19EAA987-7F4D-45C7-B687-18FB59CB068E}"
EndProject
Project("{FAE04EC0-301F-11D3-BF4B-00C04F79EFBC}") = "01. Apartments", "01. Apartments\01. Apartments.csproj", "{B24D32D8-87C3-4795-B47D-6932F5A03424}"
EndProject
Project("{FAE04EC0-301F-11D3-BF4B-00C04F79EFBC}") = "02.TriangleArea", "02.TriangleArea\02.TriangleArea.csproj", "{4A83BFCC-2BEB-4632-8029-81F49CDF01A9}"
EndProject
Project("{FAE04EC0-301F-11D3-BF4B-00C04F79EFBC}") = "03. Age", "03. Age\03. Age.csproj", "{24B31605-71D2-4EE9-B43A-403967538464}"
EndProject
Project("{FAE04EC0-301F-11D3-BF4B-00C04F79EFBC}") = "04. QuadraticEquation", "04. QuadraticEquation\04. QuadraticEquation.csproj", "{36CD049C-7544-43C7-8783-D43C704D79E6}"
EndProject
Project("{FAE04EC0-301F-11D3-BF4B-00C04F79EFBC}") = "05. NextDate", "05. NextDate\05. NextDate.csproj", "{6F01D92A-ABEA-4386-AC39-A959CAF7C77C}"
EndProject
Project("{FAE04EC0-301F-11D3-BF4B-00C04F79EFBC}") = "06. FibonacciNumbers", "06. FibonacciNumbers\06. FibonacciNumbers.csproj", "{A32E3EBD-0F2A-4F18-8BB5-7FD805249140}"
EndProject
Project("{FAE04EC0-301F-11D3-BF4B-00C04F79EFBC}") = "07. MultiplicationTable", "07. MultiplicationTable\07. MultiplicationTable.csproj", "{09303662-D029-408A-AB3D-140B3DA8CE8B}"
EndProject
Project("{FAE04EC0-301F-11D3-BF4B-00C04F79EFBC}") = "08. EuclideanAlgorithm", "08. EuclideanAlgorithm\08. EuclideanAlgorithm.csproj", "{18E4885E-0307-4123-9547-B05AE94B82E0}"
EndProject
Project("{FAE04EC0-301F-11D3-BF4B-00C04F79EFBC}") = "09. GuessNumber", "09. GuessNumber\09. GuessNumber.csproj", "{0862D4AD-2E4C-4F3A-800D-864FDBE944DF}"
EndProject
Project("{FAE04EC0-301F-11D3-BF4B-00C04F79EFBC}") = "10. Contribution", "10. Contribution\10. Contribution.csproj", "{B885471E-EAD3-4628-BB16-2DFCB963D1AC}"
EndProject
Global
	GlobalSection(SolutionConfigurationPlatforms) = preSolution
		Debug|Any CPU = Debug|Any CPU
		Release|Any CPU = Release|Any CPU
	EndGlobalSection
	GlobalSection(ProjectConfigurationPlatforms) = postSolution
		{9DA336EA-93E7-4BF4-AF37-63C7A515B5B6}.Debug|Any CPU.ActiveCfg = Debug|Any CPU
		{9DA336EA-93E7-4BF4-AF37-63C7A515B5B6}.Debug|Any CPU.Build.0 = Debug|Any CPU
		{9DA336EA-93E7-4BF4-AF37-63C7A515B5B6}.Release|Any CPU.ActiveCfg = Release|Any CPU
		{9DA336EA-93E7-4BF4-AF37-63C7A515B5B6}.Release|Any CPU.Build.0 = Release|Any CPU
		{87B96E72-F887-4B1B-A7D4-A4AD1F18B1DA}.Debug|Any CPU.ActiveCfg = Debug|Any CPU
		{87B96E72-F887-4B1B-A7D4-A4AD1F18B1DA}.Debug|Any CPU.Build.0 = Debug|Any CPU
		{87B96E72-F887-4B1B-A7D4-A4AD1F18B1DA}.Release|Any CPU.ActiveCfg = Release|Any CPU
		{87B96E72-F887-4B1B-A7D4-A4AD1F18B1DA}.Release|Any CPU.Build.0 = Release|Any CPU
		{B8A2F90E-14D7-4850-A149-4AA23335FD5B}.Debug|Any CPU.ActiveCfg = Debug|Any CPU
		{B8A2F90E-14D7-4850-A149-4AA23335FD5B}.Debug|Any CPU.Build.0 = Debug|Any CPU
		{B8A2F90E-14D7-4850-A149-4AA23335FD5B}.Release|Any CPU.ActiveCfg = Release|Any CPU
		{B8A2F90E-14D7-4850-A149-4AA23335FD5B}.Release|Any CPU.Build.0 = Release|Any CPU
		{6946F382-F30C-445C-ABFD-0BB79BF5A687}.Debug|Any CPU.ActiveCfg = Debug|Any CPU
		{6946F382-F30C-445C-ABFD-0BB79BF5A687}.Debug|Any CPU.Build.0 = Debug|Any CPU
		{6946F382-F30C-445C-ABFD-0BB79BF5A687}.Release|Any CPU.ActiveCfg = Release|Any CPU
		{6946F382-F30C-445C-ABFD-0BB79BF5A687}.Release|Any CPU.Build.0 = Release|Any CPU
		{EF8D8A03-EBA6-4AAA-BA04-75D971206714}.Debug|Any CPU.ActiveCfg = Debug|Any CPU
		{EF8D8A03-EBA6-4AAA-BA04-75D971206714}.Debug|Any CPU.Build.0 = Debug|Any CPU
		{EF8D8A03-EBA6-4AAA-BA04-75D971206714}.Release|Any CPU.ActiveCfg = Release|Any CPU
		{EF8D8A03-EBA6-4AAA-BA04-75D971206714}.Release|Any CPU.Build.0 = Release|Any CPU
		{1F02A62F-D402-4185-AA7A-DFA15D88DAD3}.Debug|Any CPU.ActiveCfg = Debug|Any CPU
		{1F02A62F-D402-4185-AA7A-DFA15D88DAD3}.Debug|Any CPU.Build.0 = Debug|Any CPU
		{1F02A62F-D402-4185-AA7A-DFA15D88DAD3}.Release|Any CPU.ActiveCfg = Release|Any CPU
		{1F02A62F-D402-4185-AA7A-DFA15D88DAD3}.Release|Any CPU.Build.0 = Release|Any CPU
		{0D4A4243-369E-44DB-ADB6-6E2872F0078F}.Debug|Any CPU.ActiveCfg = Debug|Any CPU
		{0D4A4243-369E-44DB-ADB6-6E2872F0078F}.Debug|Any CPU.Build.0 = Debug|Any CPU
		{0D4A4243-369E-44DB-ADB6-6E2872F0078F}.Release|Any CPU.ActiveCfg = Release|Any CPU
		{0D4A4243-369E-44DB-ADB6-6E2872F0078F}.Release|Any CPU.Build.0 = Release|Any CPU
		{E826DAB7-76EE-4D08-AFE9-668D15E481CD}.Debug|Any CPU.ActiveCfg = Debug|Any CPU
		{E826DAB7-76EE-4D08-AFE9-668D15E481CD}.Debug|Any CPU.Build.0 = Debug|Any CPU
		{E826DAB7-76EE-4D08-AFE9-668D15E481CD}.Release|Any CPU.ActiveCfg = Release|Any CPU
		{E826DAB7-76EE-4D08-AFE9-668D15E481CD}.Release|Any CPU.Build.0 = Release|Any CPU
		{21F942AD-E318-4633-B39A-4A77BB71705F}.Debug|Any CPU.ActiveCfg = Debug|Any CPU
		{21F942AD-E318-4633-B39A-4A77BB71705F}.Debug|Any CPU.Build.0 = Debug|Any CPU
		{21F942AD-E318-4633-B39A-4A77BB71705F}.Release|Any CPU.ActiveCfg = Release|Any CPU
		{21F942AD-E318-4633-B39A-4A77BB71705F}.Release|Any CPU.Build.0 = Release|Any CPU
		{26D0C636-722A-4157-9176-086F68FB90B6}.Debug|Any CPU.ActiveCfg = Debug|Any CPU
		{26D0C636-722A-4157-9176-086F68FB90B6}.Debug|Any CPU.Build.0 = Debug|Any CPU
		{26D0C636-722A-4157-9176-086F68FB90B6}.Release|Any CPU.ActiveCfg = Release|Any CPU
		{26D0C636-722A-4157-9176-086F68FB90B6}.Release|Any CPU.Build.0 = Release|Any CPU
		{AAEA50C3-80DE-4B0D-BD3A-5CCB9B02CF41}.Debug|Any CPU.ActiveCfg = Debug|Any CPU
		{AAEA50C3-80DE-4B0D-BD3A-5CCB9B02CF41}.Debug|Any CPU.Build.0 = Debug|Any CPU
		{AAEA50C3-80DE-4B0D-BD3A-5CCB9B02CF41}.Release|Any CPU.ActiveCfg = Release|Any CPU
		{AAEA50C3-80DE-4B0D-BD3A-5CCB9B02CF41}.Release|Any CPU.Build.0 = Release|Any CPU
		{EBC4B4FF-F228-484F-A973-4B388AEBBAA1}.Debug|Any CPU.ActiveCfg = Debug|Any CPU
		{EBC4B4FF-F228-484F-A973-4B388AEBBAA1}.Debug|Any CPU.Build.0 = Debug|Any CPU
		{EBC4B4FF-F228-484F-A973-4B388AEBBAA1}.Release|Any CPU.ActiveCfg = Release|Any CPU
		{EBC4B4FF-F228-484F-A973-4B388AEBBAA1}.Release|Any CPU.Build.0 = Release|Any CPU
		{19EAA987-7F4D-45C7-B687-18FB59CB068E}.Debug|Any CPU.ActiveCfg = Debug|Any CPU
		{19EAA987-7F4D-45C7-B687-18FB59CB068E}.Debug|Any CPU.Build.0 = Debug|Any CPU
		{19EAA987-7F4D-45C7-B687-18FB59CB068E}.Release|Any CPU.ActiveCfg = Release|Any CPU
		{19EAA987-7F4D-45C7-B687-18FB59CB068E}.Release|Any CPU.Build.0 = Release|Any CPU
		{B24D32D8-87C3-4795-B47D-6932F5A03424}.Debug|Any CPU.ActiveCfg = Debug|Any CPU
		{B24D32D8-87C3-4795-B47D-6932F5A03424}.Debug|Any CPU.Build.0 = Debug|Any CPU
		{B24D32D8-87C3-4795-B47D-6932F5A03424}.Release|Any CPU.ActiveCfg = Release|Any CPU
		{B24D32D8-87C3-4795-B47D-6932F5A03424}.Release|Any CPU.Build.0 = Release|Any CPU
		{4A83BFCC-2BEB-4632-8029-81F49CDF01A9}.Debug|Any CPU.ActiveCfg = Debug|Any CPU
		{4A83BFCC-2BEB-4632-8029-81F49CDF01A9}.Debug|Any CPU.Build.0 = Debug|Any CPU
		{4A83BFCC-2BEB-4632-8029-81F49CDF01A9}.Release|Any CPU.ActiveCfg = Release|Any CPU
		{4A83BFCC-2BEB-4632-8029-81F49CDF01A9}.Release|Any CPU.Build.0 = Release|Any CPU
		{24B31605-71D2-4EE9-B43A-403967538464}.Debug|Any CPU.ActiveCfg = Debug|Any CPU
		{24B31605-71D2-4EE9-B43A-403967538464}.Debug|Any CPU.Build.0 = Debug|Any CPU
		{24B31605-71D2-4EE9-B43A-403967538464}.Release|Any CPU.ActiveCfg = Release|Any CPU
		{24B31605-71D2-4EE9-B43A-403967538464}.Release|Any CPU.Build.0 = Release|Any CPU
		{36CD049C-7544-43C7-8783-D43C704D79E6}.Debug|Any CPU.ActiveCfg = Debug|Any CPU
		{36CD049C-7544-43C7-8783-D43C704D79E6}.Debug|Any CPU.Build.0 = Debug|Any CPU
		{36CD049C-7544-43C7-8783-D43C704D79E6}.Release|Any CPU.ActiveCfg = Release|Any CPU
		{36CD049C-7544-43C7-8783-D43C704D79E6}.Release|Any CPU.Build.0 = Release|Any CPU
		{6F01D92A-ABEA-4386-AC39-A959CAF7C77C}.Debug|Any CPU.ActiveCfg = Debug|Any CPU
		{6F01D92A-ABEA-4386-AC39-A959CAF7C77C}.Debug|Any CPU.Build.0 = Debug|Any CPU
		{6F01D92A-ABEA-4386-AC39-A959CAF7C77C}.Release|Any CPU.ActiveCfg = Release|Any CPU
		{6F01D92A-ABEA-4386-AC39-A959CAF7C77C}.Release|Any CPU.Build.0 = Release|Any CPU
		{A32E3EBD-0F2A-4F18-8BB5-7FD805249140}.Debug|Any CPU.ActiveCfg = Debug|Any CPU
		{A32E3EBD-0F2A-4F18-8BB5-7FD805249140}.Debug|Any CPU.Build.0 = Debug|Any CPU
		{A32E3EBD-0F2A-4F18-8BB5-7FD805249140}.Release|Any CPU.ActiveCfg = Release|Any CPU
		{A32E3EBD-0F2A-4F18-8BB5-7FD805249140}.Release|Any CPU.Build.0 = Release|Any CPU
		{09303662-D029-408A-AB3D-140B3DA8CE8B}.Debug|Any CPU.ActiveCfg = Debug|Any CPU
		{09303662-D029-408A-AB3D-140B3DA8CE8B}.Debug|Any CPU.Build.0 = Debug|Any CPU
		{09303662-D029-408A-AB3D-140B3DA8CE8B}.Release|Any CPU.ActiveCfg = Release|Any CPU
		{09303662-D029-408A-AB3D-140B3DA8CE8B}.Release|Any CPU.Build.0 = Release|Any CPU
		{18E4885E-0307-4123-9547-B05AE94B82E0}.Debug|Any CPU.ActiveCfg = Debug|Any CPU
		{18E4885E-0307-4123-9547-B05AE94B82E0}.Debug|Any CPU.Build.0 = Debug|Any CPU
		{18E4885E-0307-4123-9547-B05AE94B82E0}.Release|Any CPU.ActiveCfg = Release|Any CPU
		{18E4885E-0307-4123-9547-B05AE94B82E0}.Release|Any CPU.Build.0 = Release|Any CPU
		{0862D4AD-2E4C-4F3A-800D-864FDBE944DF}.Debug|Any CPU.ActiveCfg = Debug|Any CPU
		{0862D4AD-2E4C-4F3A-800D-864FDBE944DF}.Debug|Any CPU.Build.0 = Debug|Any CPU
		{0862D4AD-2E4C-4F3A-800D-864FDBE944DF}.Release|Any CPU.ActiveCfg = Release|Any CPU
		{0862D4AD-2E4C-4F3A-800D-864FDBE944DF}.Release|Any CPU.Build.0 = Release|Any CPU
		{B885471E-EAD3-4628-BB16-2DFCB963D1AC}.Debug|Any CPU.ActiveCfg = Debug|Any CPU
		{B885471E-EAD3-4628-BB16-2DFCB963D1AC}.Debug|Any CPU.Build.0 = Debug|Any CPU
		{B885471E-EAD3-4628-BB16-2DFCB963D1AC}.Release|Any CPU.ActiveCfg = Release|Any CPU
		{B885471E-EAD3-4628-BB16-2DFCB963D1AC}.Release|Any CPU.Build.0 = Release|Any CPU
	EndGlobalSection
	GlobalSection(SolutionProperties) = preSolution
		HideSolutionNode = FALSE
	EndGlobalSection
	GlobalSection(NestedProjects) = preSolution
		{1F02A62F-D402-4185-AA7A-DFA15D88DAD3} = {70577C41-C79E-41D2-AD0C-C966E0DAFAD6}
		{0D4A4243-369E-44DB-ADB6-6E2872F0078F} = {70577C41-C79E-41D2-AD0C-C966E0DAFAD6}
		{E826DAB7-76EE-4D08-AFE9-668D15E481CD} = {70577C41-C79E-41D2-AD0C-C966E0DAFAD6}
		{21F942AD-E318-4633-B39A-4A77BB71705F} = {70577C41-C79E-41D2-AD0C-C966E0DAFAD6}
		{26D0C636-722A-4157-9176-086F68FB90B6} = {70577C41-C79E-41D2-AD0C-C966E0DAFAD6}
		{AAEA50C3-80DE-4B0D-BD3A-5CCB9B02CF41} = {70577C41-C79E-41D2-AD0C-C966E0DAFAD6}
		{EBC4B4FF-F228-484F-A973-4B388AEBBAA1} = {70577C41-C79E-41D2-AD0C-C966E0DAFAD6}
		{19EAA987-7F4D-45C7-B687-18FB59CB068E} = {70577C41-C79E-41D2-AD0C-C966E0DAFAD6}
		{B24D32D8-87C3-4795-B47D-6932F5A03424} = {70577C41-C79E-41D2-AD0C-C966E0DAFAD6}
		{4A83BFCC-2BEB-4632-8029-81F49CDF01A9} = {70577C41-C79E-41D2-AD0C-C966E0DAFAD6}
		{24B31605-71D2-4EE9-B43A-403967538464} = {70577C41-C79E-41D2-AD0C-C966E0DAFAD6}
		{36CD049C-7544-43C7-8783-D43C704D79E6} = {70577C41-C79E-41D2-AD0C-C966E0DAFAD6}
		{6F01D92A-ABEA-4386-AC39-A959CAF7C77C} = {70577C41-C79E-41D2-AD0C-C966E0DAFAD6}
		{A32E3EBD-0F2A-4F18-8BB5-7FD805249140} = {70577C41-C79E-41D2-AD0C-C966E0DAFAD6}
		{09303662-D029-408A-AB3D-140B3DA8CE8B} = {70577C41-C79E-41D2-AD0C-C966E0DAFAD6}
		{18E4885E-0307-4123-9547-B05AE94B82E0} = {70577C41-C79E-41D2-AD0C-C966E0DAFAD6}
		{0862D4AD-2E4C-4F3A-800D-864FDBE944DF} = {70577C41-C79E-41D2-AD0C-C966E0DAFAD6}
		{B885471E-EAD3-4628-BB16-2DFCB963D1AC} = {70577C41-C79E-41D2-AD0C-C966E0DAFAD6}
	EndGlobalSection
	GlobalSection(ExtensibilityGlobals) = postSolution
		SolutionGuid = {B0366E58-7627-45B0-ABE8-47EF729D650F}
	EndGlobalSection
EndGlobal
